{
  "name": "shopwise-chrometester-tests",
  "version": "1.0.0",
  "lockfileVersion": 3,
  "requires": true,
  "packages": {
    "": {
      "name": "shopwise-chrometester-tests",
      "version": "1.0.0",
      "dependencies": {
        "chrometester": "file:../../../../Chrome_tester/packages/chrometester"
      }
    },
    "../../../../Chrome_tester/packages/chrometester": {},
    "node_modules/chrometester": {
      "resolved": "../../../../Chrome_tester/packages/chrometester",
      "link": true
    }
  }
}
